
Microsoft Visual Studio Solution File, Format Version 12.00
# Visual Studio Version 16
VisualStudioVersion = 16.0.29926.136
MinimumVisualStudioVersion = 10.0.40219.1
Project("{9A19103F-16F7-4668-BE54-9A1E7A4F7556}") = "KMShop", "KMShop\KMShop.csproj", "{B323B8AB-63C6-4641-8CD7-62B5B1E9ADEA}"
EndProject
Project("{FAE04EC0-301F-11D3-BF4B-00C04F79EFBC}") = "KMShop.Tests", "KMShop.Tests\KMShop.Tests.csproj", "{9C9B5360-D602-4985-BB10-CA9140CEB636}"
	ProjectSection(ProjectDependencies) = postProject
		{B323B8AB-63C6-4641-8CD7-62B5B1E9ADEA} = {B323B8AB-63C6-4641-8CD7-62B5B1E9ADEA}
	EndProjectSection
EndProject
Global
	GlobalSection(SolutionConfigurationPlatforms) = preSolution
		Debug|Any CPU = Debug|Any CPU
		Release|Any CPU = Release|Any CPU
	EndGlobalSection
	GlobalSection(ProjectConfigurationPlatforms) = postSolution
		{B323B8AB-63C6-4641-8CD7-62B5B1E9ADEA}.Debug|Any CPU.ActiveCfg = Debug|Any CPU
		{B323B8AB-63C6-4641-8CD7-62B5B1E9ADEA}.Debug|Any CPU.Build.0 = Debug|Any CPU
		{B323B8AB-63C6-4641-8CD7-62B5B1E9ADEA}.Release|Any CPU.ActiveCfg = Release|Any CPU
		{B323B8AB-63C6-4641-8CD7-62B5B1E9ADEA}.Release|Any CPU.Build.0 = Release|Any CPU
		{9C9B5360-D602-4985-BB10-CA9140CEB636}.Debug|Any CPU.ActiveCfg = Debug|Any CPU
		{9C9B5360-D602-4985-BB10-CA9140CEB636}.Debug|Any CPU.Build.0 = Debug|Any CPU
		{9C9B5360-D602-4985-BB10-CA9140CEB636}.Release|Any CPU.ActiveCfg = Release|Any CPU
		{9C9B5360-D602-4985-BB10-CA9140CEB636}.Release|Any CPU.Build.0 = Release|Any CPU
	EndGlobalSection
	GlobalSection(SolutionProperties) = preSolution
		HideSolutionNode = FALSE
	EndGlobalSection
	GlobalSection(ExtensibilityGlobals) = postSolution
		SolutionGuid = {8A280DF8-687F-43FB-AE2B-EB2611BAACC4}
	EndGlobalSection
EndGlobal
